// !$*UTF8*$!
{
	archiveVersion = 1;
	classes = {
	};
	objectVersion = 51;
	objects = {

/* Begin PBXBuildFile section */
		43CECCC922B1CA960089700D /* AppDelegate.swift in Sources */ = {isa = PBXBuildFile; fileRef = 43CECCC822B1CA960089700D /* AppDelegate.swift */; };
		43CECCCB22B1CA960089700D /* ViewController.swift in Sources */ = {isa = PBXBuildFile; fileRef = 43CECCCA22B1CA960089700D /* ViewController.swift */; };
		43CECCCE22B1CA960089700D /* Main.storyboard in Resources */ = {isa = PBXBuildFile; fileRef = 43CECCCC22B1CA960089700D /* Main.storyboard */; };
		43CECCD022B1CA970089700D /* Assets.xcassets in Resources */ = {isa = PBXBuildFile; fileRef = 43CECCCF22B1CA970089700D /* Assets.xcassets */; };
		43CECCD322B1CA970089700D /* LaunchScreen.storyboard in Resources */ = {isa = PBXBuildFile; fileRef = 43CECCD122B1CA970089700D /* LaunchScreen.storyboard */; };
		43CECCDE22B1CA970089700D /* WeightedGraphTests.swift in Sources */ = {isa = PBXBuildFile; fileRef = 43CECCDD22B1CA970089700D /* WeightedGraphTests.swift */; };
		43CECCE922B1CA970089700D /* WeightedGraphUITests.swift in Sources */ = {isa = PBXBuildFile; fileRef = 43CECCE822B1CA970089700D /* WeightedGraphUITests.swift */; };
		4C1890C470014FF1CBE8AC24 /* Pods_WeightedGraph.framework in Frameworks */ = {isa = PBXBuildFile; fileRef = B861224B29C4A510D45BFC5E /* Pods_WeightedGraph.framework */; };
		B9F1E0AC394E45BFC108DC0F /* Pods_WeightedGraphUITests.framework in Frameworks */ = {isa = PBXBuildFile; fileRef = 1F67472F0F1B7AA10EA0DC33 /* Pods_WeightedGraphUITests.framework */; };
		C8668E152BA658B2725561B2 /* Pods_WeightedGraphTests.framework in Frameworks */ = {isa = PBXBuildFile; fileRef = E9ABCC315E00D0E93625D22E /* Pods_WeightedGraphTests.framework */; };
/* End PBXBuildFile section */

/* Begin PBXContainerItemProxy section */
		43CECCDA22B1CA970089700D /* PBXContainerItemProxy */ = {
			isa = PBXContainerItemProxy;
			containerPortal = 43CECCBD22B1CA960089700D /* Project object */;
			proxyType = 1;
			remoteGlobalIDString = 43CECCC422B1CA960089700D;
			remoteInfo = WeightedGraph;
		};
		43CECCE522B1CA970089700D /* PBXContainerItemProxy */ = {
			isa = PBXContainerItemProxy;
			containerPortal = 43CECCBD22B1CA960089700D /* Project object */;
			proxyType = 1;
			remoteGlobalIDString = 43CECCC422B1CA960089700D;
			remoteInfo = WeightedGraph;
		};
/* End PBXContainerItemProxy section */

/* Begin PBXFileReference section */
		1F67472F0F1B7AA10EA0DC33 /* Pods_WeightedGraphUITests.framework */ = {isa = PBXFileReference; explicitFileType = wrapper.framework; includeInIndex = 0; path = Pods_WeightedGraphUITests.framework; sourceTree = BUILT_PRODUCTS_DIR; };
		43CECCC522B1CA960089700D /* WeightedGraph.app */ = {isa = PBXFileReference; explicitFileType = wrapper.application; includeInIndex = 0; path = WeightedGraph.app; sourceTree = BUILT_PRODUCTS_DIR; };
		43CECCC822B1CA960089700D /* AppDelegate.swift */ = {isa = PBXFileReference; lastKnownFileType = sourcecode.swift; path = AppDelegate.swift; sourceTree = "<group>"; };
		43CECCCA22B1CA960089700D /* ViewController.swift */ = {isa = PBXFileReference; lastKnownFileType = sourcecode.swift; path = ViewController.swift; sourceTree = "<group>"; };
		43CECCCD22B1CA960089700D /* Base */ = {isa = PBXFileReference; lastKnownFileType = file.storyboard; name = Base; path = Base.lproj/Main.storyboard; sourceTree = "<group>"; };
		43CECCCF22B1CA970089700D /* Assets.xcassets */ = {isa = PBXFileReference; lastKnownFileType = folder.assetcatalog; path = Assets.xcassets; sourceTree = "<group>"; };
		43CECCD222B1CA970089700D /* Base */ = {isa = PBXFileReference; lastKnownFileType = file.storyboard; name = Base; path = Base.lproj/LaunchScreen.storyboard; sourceTree = "<group>"; };
		43CECCD422B1CA970089700D /* Info.plist */ = {isa = PBXFileReference; lastKnownFileType = text.plist.xml; path = Info.plist; sourceTree = "<group>"; };
		43CECCD922B1CA970089700D /* WeightedGraphTests.xctest */ = {isa = PBXFileReference; explicitFileType = wrapper.cfbundle; includeInIndex = 0; path = WeightedGraphTests.xctest; sourceTree = BUILT_PRODUCTS_DIR; };
		43CECCDD22B1CA970089700D /* WeightedGraphTests.swift */ = {isa = PBXFileReference; lastKnownFileType = sourcecode.swift; path = WeightedGraphTests.swift; sourceTree = "<group>"; };
		43CECCDF22B1CA970089700D /* Info.plist */ = {isa = PBXFileReference; lastKnownFileType = text.plist.xml; path = Info.plist; sourceTree = "<group>"; };
		43CECCE422B1CA970089700D /* WeightedGraphUITests.xctest */ = {isa = PBXFileReference; explicitFileType = wrapper.cfbundle; includeInIndex = 0; path = WeightedGraphUITests.xctest; sourceTree = BUILT_PRODUCTS_DIR; };
		43CECCE822B1CA970089700D /* WeightedGraphUITests.swift */ = {isa = PBXFileReference; lastKnownFileType = sourcecode.swift; path = WeightedGraphUITests.swift; sourceTree = "<group>"; };
		43CECCEA22B1CA970089700D /* Info.plist */ = {isa = PBXFileReference; lastKnownFileType = text.plist.xml; path = Info.plist; sourceTree = "<group>"; };
		80C20E79C1177D9A6CC524FB /* Pods-WeightedGraphUITests.debug.xcconfig */ = {isa = PBXFileReference; includeInIndex = 1; lastKnownFileType = text.xcconfig; name = "Pods-WeightedGraphUITests.debug.xcconfig"; path = "Target Support Files/Pods-WeightedGraphUITests/Pods-WeightedGraphUITests.debug.xcconfig"; sourceTree = "<group>"; };
		967F7623B0EE7C1ED9C2FF2A /* Pods-WeightedGraphTests.debug.xcconfig */ = {isa = PBXFileReference; includeInIndex = 1; lastKnownFileType = text.xcconfig; name = "Pods-WeightedGraphTests.debug.xcconfig"; path = "Target Support Files/Pods-WeightedGraphTests/Pods-WeightedGraphTests.debug.xcconfig"; sourceTree = "<group>"; };
		9686FF7A5759D4D59EEAC42A /* Pods-WeightedGraphUITests.release.xcconfig */ = {isa = PBXFileReference; includeInIndex = 1; lastKnownFileType = text.xcconfig; name = "Pods-WeightedGraphUITests.release.xcconfig"; path = "Target Support Files/Pods-WeightedGraphUITests/Pods-WeightedGraphUITests.release.xcconfig"; sourceTree = "<group>"; };
		991BB69DE79B4E034656EC0C /* Pods-WeightedGraphTests.release.xcconfig */ = {isa = PBXFileReference; includeInIndex = 1; lastKnownFileType = text.xcconfig; name = "Pods-WeightedGraphTests.release.xcconfig"; path = "Target Support Files/Pods-WeightedGraphTests/Pods-WeightedGraphTests.release.xcconfig"; sourceTree = "<group>"; };
		A147FA0638D54EB3AFC3DB85 /* Pods-WeightedGraph.release.xcconfig */ = {isa = PBXFileReference; includeInIndex = 1; lastKnownFileType = text.xcconfig; name = "Pods-WeightedGraph.release.xcconfig"; path = "Target Support Files/Pods-WeightedGraph/Pods-WeightedGraph.release.xcconfig"; sourceTree = "<group>"; };
		B82922BF7BBA051B030FDB9F /* Pods-WeightedGraph.debug.xcconfig */ = {isa = PBXFileReference; includeInIndex = 1; lastKnownFileType = text.xcconfig; name = "Pods-WeightedGraph.debug.xcconfig"; path = "Target Support Files/Pods-WeightedGraph/Pods-WeightedGraph.debug.xcconfig"; sourceTree = "<group>"; };
		B861224B29C4A510D45BFC5E /* Pods_WeightedGraph.framework */ = {isa = PBXFileReference; explicitFileType = wrapper.framework; includeInIndex = 0; path = Pods_WeightedGraph.framework; sourceTree = BUILT_PRODUCTS_DIR; };
		E9ABCC315E00D0E93625D22E /* Pods_WeightedGraphTests.framework */ = {isa = PBXFileReference; explicitFileType = wrapper.framework; includeInIndex = 0; path = Pods_WeightedGraphTests.framework; sourceTree = BUILT_PRODUCTS_DIR; };
/* End PBXFileReference section */

/* Begin PBXFrameworksBuildPhase section */
		43CECCC222B1CA960089700D /* Frameworks */ = {
			isa = PBXFrameworksBuildPhase;
			buildActionMask = 2147483647;
			files = (
				4C1890C470014FF1CBE8AC24 /* Pods_WeightedGraph.framework in Frameworks */,
			);
			runOnlyForDeploymentPostprocessing = 0;
		};
		43CECCD622B1CA970089700D /* Frameworks */ = {
			isa = PBXFrameworksBuildPhase;
			buildActionMask = 2147483647;
			files = (
				C8668E152BA658B2725561B2 /* Pods_WeightedGraphTests.framework in Frameworks */,
			);
			runOnlyForDeploymentPostprocessing = 0;
		};
		43CECCE122B1CA970089700D /* Frameworks */ = {
			isa = PBXFrameworksBuildPhase;
			buildActionMask = 2147483647;
			files = (
				B9F1E0AC394E45BFC108DC0F /* Pods_WeightedGraphUITests.framework in Frameworks */,
			);
			runOnlyForDeploymentPostprocessing = 0;
		};
/* End PBXFrameworksBuildPhase section */

/* Begin PBXGroup section */
		423AEA140D87403F62400EEC /* Frameworks */ = {
			isa = PBXGroup;
			children = (
				B861224B29C4A510D45BFC5E /* Pods_WeightedGraph.framework */,
				E9ABCC315E00D0E93625D22E /* Pods_WeightedGraphTests.framework */,
				1F67472F0F1B7AA10EA0DC33 /* Pods_WeightedGraphUITests.framework */,
			);
			name = Frameworks;
			sourceTree = "<group>";
		};
		43CECCBC22B1CA960089700D = {
			isa = PBXGroup;
			children = (
				43CECCC722B1CA960089700D /* WeightedGraph */,
				43CECCDC22B1CA970089700D /* WeightedGraphTests */,
				43CECCE722B1CA970089700D /* WeightedGraphUITests */,
				43CECCC622B1CA960089700D /* Products */,
				5E26679912E870D84FC89B1E /* Pods */,
				423AEA140D87403F62400EEC /* Frameworks */,
			);
			sourceTree = "<group>";
		};
		43CECCC622B1CA960089700D /* Products */ = {
			isa = PBXGroup;
			children = (
				43CECCC522B1CA960089700D /* WeightedGraph.app */,
				43CECCD922B1CA970089700D /* WeightedGraphTests.xctest */,
				43CECCE422B1CA970089700D /* WeightedGraphUITests.xctest */,
			);
			name = Products;
			sourceTree = "<group>";
		};
		43CECCC722B1CA960089700D /* WeightedGraph */ = {
			isa = PBXGroup;
			children = (
				43CECCC822B1CA960089700D /* AppDelegate.swift */,
				43CECCCA22B1CA960089700D /* ViewController.swift */,
				43CECCCC22B1CA960089700D /* Main.storyboard */,
				43CECCCF22B1CA970089700D /* Assets.xcassets */,
				43CECCD122B1CA970089700D /* LaunchScreen.storyboard */,
				43CECCD422B1CA970089700D /* Info.plist */,
			);
			path = WeightedGraph;
			sourceTree = "<group>";
		};
		43CECCDC22B1CA970089700D /* WeightedGraphTests */ = {
			isa = PBXGroup;
			children = (
				43CECCDD22B1CA970089700D /* WeightedGraphTests.swift */,
				43CECCDF22B1CA970089700D /* Info.plist */,
			);
			path = WeightedGraphTests;
			sourceTree = "<group>";
		};
		43CECCE722B1CA970089700D /* WeightedGraphUITests */ = {
			isa = PBXGroup;
			children = (
				43CECCE822B1CA970089700D /* WeightedGraphUITests.swift */,
				43CECCEA22B1CA970089700D /* Info.plist */,
			);
			path = WeightedGraphUITests;
			sourceTree = "<group>";
		};
		5E26679912E870D84FC89B1E /* Pods */ = {
			isa = PBXGroup;
			children = (
				B82922BF7BBA051B030FDB9F /* Pods-WeightedGraph.debug.xcconfig */,
				A147FA0638D54EB3AFC3DB85 /* Pods-WeightedGraph.release.xcconfig */,
				967F7623B0EE7C1ED9C2FF2A /* Pods-WeightedGraphTests.debug.xcconfig */,
				991BB69DE79B4E034656EC0C /* Pods-WeightedGraphTests.release.xcconfig */,
				80C20E79C1177D9A6CC524FB /* Pods-WeightedGraphUITests.debug.xcconfig */,
				9686FF7A5759D4D59EEAC42A /* Pods-WeightedGraphUITests.release.xcconfig */,
			);
			path = Pods;
			sourceTree = "<group>";
		};
/* End PBXGroup section */

/* Begin PBXNativeTarget section */
		43CECCC422B1CA960089700D /* WeightedGraph */ = {
			isa = PBXNativeTarget;
			buildConfigurationList = 43CECCED22B1CA970089700D /* Build configuration list for PBXNativeTarget "WeightedGraph" */;
			buildPhases = (
				5D3417AE47CA09E6A5A54192 /* [CP] Check Pods Manifest.lock */,
				43CECCC122B1CA960089700D /* Sources */,
				43CECCC222B1CA960089700D /* Frameworks */,
				43CECCC322B1CA960089700D /* Resources */,
				5A7D589861EB18314523A9B2 /* [CP] Embed Pods Frameworks */,
			);
			buildRules = (
			);
			dependencies = (
			);
			name = WeightedGraph;
			productName = WeightedGraph;
			productReference = 43CECCC522B1CA960089700D /* WeightedGraph.app */;
			productType = "com.apple.product-type.application";
		};
		43CECCD822B1CA970089700D /* WeightedGraphTests */ = {
			isa = PBXNativeTarget;
			buildConfigurationList = 43CECCF022B1CA970089700D /* Build configuration list for PBXNativeTarget "WeightedGraphTests" */;
			buildPhases = (
				362F524ED80F73B10B8F2BD5 /* [CP] Check Pods Manifest.lock */,
				43CECCD522B1CA970089700D /* Sources */,
				43CECCD622B1CA970089700D /* Frameworks */,
				43CECCD722B1CA970089700D /* Resources */,
			);
			buildRules = (
			);
			dependencies = (
				43CECCDB22B1CA970089700D /* PBXTargetDependency */,
			);
			name = WeightedGraphTests;
			productName = WeightedGraphTests;
			productReference = 43CECCD922B1CA970089700D /* WeightedGraphTests.xctest */;
			productType = "com.apple.product-type.bundle.unit-test";
		};
		43CECCE322B1CA970089700D /* WeightedGraphUITests */ = {
			isa = PBXNativeTarget;
			buildConfigurationList = 43CECCF322B1CA970089700D /* Build configuration list for PBXNativeTarget "WeightedGraphUITests" */;
			buildPhases = (
				8F898D959984642A1D5EDB5E /* [CP] Check Pods Manifest.lock */,
				43CECCE022B1CA970089700D /* Sources */,
				43CECCE122B1CA970089700D /* Frameworks */,
				43CECCE222B1CA970089700D /* Resources */,
			);
			buildRules = (
			);
			dependencies = (
				43CECCE622B1CA970089700D /* PBXTargetDependency */,
			);
			name = WeightedGraphUITests;
			productName = WeightedGraphUITests;
			productReference = 43CECCE422B1CA970089700D /* WeightedGraphUITests.xctest */;
			productType = "com.apple.product-type.bundle.ui-testing";
		};
/* End PBXNativeTarget section */

/* Begin PBXProject section */
		43CECCBD22B1CA960089700D /* Project object */ = {
			isa = PBXProject;
			attributes = {
				LastSwiftUpdateCheck = 1020;
				LastUpgradeCheck = 1020;
				ORGANIZATIONNAME = "Ajit Akole";
				TargetAttributes = {
					43CECCC422B1CA960089700D = {
						CreatedOnToolsVersion = 10.2.1;
					};
					43CECCD822B1CA970089700D = {
						CreatedOnToolsVersion = 10.2.1;
						TestTargetID = 43CECCC422B1CA960089700D;
					};
					43CECCE322B1CA970089700D = {
						CreatedOnToolsVersion = 10.2.1;
						TestTargetID = 43CECCC422B1CA960089700D;
					};
				};
			};
			buildConfigurationList = 43CECCC022B1CA960089700D /* Build configuration list for PBXProject "WeightedGraph" */;
			compatibilityVersion = "Xcode 9.3";
			developmentRegion = en;
			hasScannedForEncodings = 0;
			knownRegions = (
				en,
				Base,
			);
			mainGroup = 43CECCBC22B1CA960089700D;
			productRefGroup = 43CECCC622B1CA960089700D /* Products */;
			projectDirPath = "";
			projectRoot = "";
			targets = (
				43CECCC422B1CA960089700D /* WeightedGraph */,
				43CECCD822B1CA970089700D /* WeightedGraphTests */,
				43CECCE322B1CA970089700D /* WeightedGraphUITests */,
			);
		};
/* End PBXProject section */

/* Begin PBXResourcesBuildPhase section */
		43CECCC322B1CA960089700D /* Resources */ = {
			isa = PBXResourcesBuildPhase;
			buildActionMask = 2147483647;
			files = (
				43CECCD322B1CA970089700D /* LaunchScreen.storyboard in Resources */,
				43CECCD022B1CA970089700D /* Assets.xcassets in Resources */,
				43CECCCE22B1CA960089700D /* Main.storyboard in Resources */,
			);
			runOnlyForDeploymentPostprocessing = 0;
		};
		43CECCD722B1CA970089700D /* Resources */ = {
			isa = PBXResourcesBuildPhase;
			buildActionMask = 2147483647;
			files = (
			);
			runOnlyForDeploymentPostprocessing = 0;
		};
		43CECCE222B1CA970089700D /* Resources */ = {
			isa = PBXResourcesBuildPhase;
			buildActionMask = 2147483647;
			files = (
			);
			runOnlyForDeploymentPostprocessing = 0;
		};
/* End PBXResourcesBuildPhase section */

/* Begin PBXShellScriptBuildPhase section */
		362F524ED80F73B10B8F2BD5 /* [CP] Check Pods Manifest.lock */ = {
			isa = PBXShellScriptBuildPhase;
			buildActionMask = 2147483647;
			files = (
			);
			inputFileListPaths = (
			);
			inputPaths = (
				"${PODS_PODFILE_DIR_PATH}/Podfile.lock",
				"${PODS_ROOT}/Manifest.lock",
			);
			name = "[CP] Check Pods Manifest.lock";
			outputFileListPaths = (
			);
			outputPaths = (
				"$(DERIVED_FILE_DIR)/Pods-WeightedGraphTests-checkManifestLockResult.txt",
			);
			runOnlyForDeploymentPostprocessing = 0;
			shellPath = /bin/sh;
			shellScript = "diff \"${PODS_PODFILE_DIR_PATH}/Podfile.lock\" \"${PODS_ROOT}/Manifest.lock\" > /dev/null\nif [ $? != 0 ] ; then\n    # print error to STDERR\n    echo \"error: The sandbox is not in sync with the Podfile.lock. Run 'pod install' or update your CocoaPods installation.\" >&2\n    exit 1\nfi\n# This output is used by Xcode 'outputs' to avoid re-running this script phase.\necho \"SUCCESS\" > \"${SCRIPT_OUTPUT_FILE_0}\"\n";
			showEnvVarsInLog = 0;
		};
		5A7D589861EB18314523A9B2 /* [CP] Embed Pods Frameworks */ = {
			isa = PBXShellScriptBuildPhase;
			buildActionMask = 2147483647;
			files = (
			);
			inputFileListPaths = (
				"${PODS_ROOT}/Target Support Files/Pods-WeightedGraph/Pods-WeightedGraph-frameworks-${CONFIGURATION}-input-files.xcfilelist",
			);
			name = "[CP] Embed Pods Frameworks";
			outputFileListPaths = (
				"${PODS_ROOT}/Target Support Files/Pods-WeightedGraph/Pods-WeightedGraph-frameworks-${CONFIGURATION}-output-files.xcfilelist",
			);
			runOnlyForDeploymentPostprocessing = 0;
			shellPath = /bin/sh;
			shellScript = "\"${PODS_ROOT}/Target Support Files/Pods-WeightedGraph/Pods-WeightedGraph-frameworks.sh\"\n";
			showEnvVarsInLog = 0;
		};
		5D3417AE47CA09E6A5A54192 /* [CP] Check Pods Manifest.lock */ = {
			isa = PBXShellScriptBuildPhase;
			buildActionMask = 2147483647;
			files = (
			);
			inputFileListPaths = (
			);
			inputPaths = (
				"${PODS_PODFILE_DIR_PATH}/Podfile.lock",
				"${PODS_ROOT}/Manifest.lock",
			);
			name = "[CP] Check Pods Manifest.lock";
			outputFileListPaths = (
			);
			outputPaths = (
				"$(DERIVED_FILE_DIR)/Pods-WeightedGraph-checkManifestLockResult.txt",
			);
			runOnlyForDeploymentPostprocessing = 0;
			shellPath = /bin/sh;
			shellScript = "diff \"${PODS_PODFILE_DIR_PATH}/Podfile.lock\" \"${PODS_ROOT}/Manifest.lock\" > /dev/null\nif [ $? != 0 ] ; then\n    # print error to STDERR\n    echo \"error: The sandbox is not in sync with the Podfile.lock. Run 'pod install' or update your CocoaPods installation.\" >&2\n    exit 1\nfi\n# This output is used by Xcode 'outputs' to avoid re-running this script phase.\necho \"SUCCESS\" > \"${SCRIPT_OUTPUT_FILE_0}\"\n";
			showEnvVarsInLog = 0;
		};
		8F898D959984642A1D5EDB5E /* [CP] Check Pods Manifest.lock */ = {
			isa = PBXShellScriptBuildPhase;
			buildActionMask = 2147483647;
			files = (
			);
			inputFileListPaths = (
			);
			inputPaths = (
				"${PODS_PODFILE_DIR_PATH}/Podfile.lock",
				"${PODS_ROOT}/Manifest.lock",
			);
			name = "[CP] Check Pods Manifest.lock";
			outputFileListPaths = (
			);
			outputPaths = (
				"$(DERIVED_FILE_DIR)/Pods-WeightedGraphUITests-checkManifestLockResult.txt",
			);
			runOnlyForDeploymentPostprocessing = 0;
			shellPath = /bin/sh;
			shellScript = "diff \"${PODS_PODFILE_DIR_PATH}/Podfile.lock\" \"${PODS_ROOT}/Manifest.lock\" > /dev/null\nif [ $? != 0 ] ; then\n    # print error to STDERR\n    echo \"error: The sandbox is not in sync with the Podfile.lock. Run 'pod install' or update your CocoaPods installation.\" >&2\n    exit 1\nfi\n# This output is used by Xcode 'outputs' to avoid re-running this script phase.\necho \"SUCCESS\" > \"${SCRIPT_OUTPUT_FILE_0}\"\n";
			showEnvVarsInLog = 0;
		};
/* End PBXShellScriptBuildPhase section */

/* Begin PBXSourcesBuildPhase section */
		43CECCC122B1CA960089700D /* Sources */ = {
			isa = PBXSourcesBuildPhase;
			buildActionMask = 2147483647;
			files = (
				43CECCCB22B1CA960089700D /* ViewController.swift in Sources */,
				43CECCC922B1CA960089700D /* AppDelegate.swift in Sources */,
			);
			runOnlyForDeploymentPostprocessing = 0;
		};
		43CECCD522B1CA970089700D /* Sources */ = {
			isa = PBXSourcesBuildPhase;
			buildActionMask = 2147483647;
			files = (
				43CECCDE22B1CA970089700D /* WeightedGraphTests.swift in Sources */,
			);
			runOnlyForDeploymentPostprocessing = 0;
		};
		43CECCE022B1CA970089700D /* Sources */ = {
			isa = PBXSourcesBuildPhase;
			buildActionMask = 2147483647;
			files = (
				43CECCE922B1CA970089700D /* WeightedGraphUITests.swift in Sources */,
			);
			runOnlyForDeploymentPostprocessing = 0;
		};
/* End PBXSourcesBuildPhase section */

/* Begin PBXTargetDependency section */
		43CECCDB22B1CA970089700D /* PBXTargetDependency */ = {
			isa = PBXTargetDependency;
			target = 43CECCC422B1CA960089700D /* WeightedGraph */;
			targetProxy = 43CECCDA22B1CA970089700D /* PBXContainerItemProxy */;
		};
		43CECCE622B1CA970089700D /* PBXTargetDependency */ = {
			isa = PBXTargetDependency;
			target = 43CECCC422B1CA960089700D /* WeightedGraph */;
			targetProxy = 43CECCE522B1CA970089700D /* PBXContainerItemProxy */;
		};
/* End PBXTargetDependency section */

/* Begin PBXVariantGroup section */
		43CECCCC22B1CA960089700D /* Main.storyboard */ = {
			isa = PBXVariantGroup;
			children = (
				43CECCCD22B1CA960089700D /* Base */,
			);
			name = Main.storyboard;
			sourceTree = "<group>";
		};
		43CECCD122B1CA970089700D /* LaunchScreen.storyboard */ = {
			isa = PBXVariantGroup;
			children = (
				43CECCD222B1CA970089700D /* Base */,
			);
			name = LaunchScreen.storyboard;
			sourceTree = "<group>";
		};
/* End PBXVariantGroup section */

/* Begin XCBuildConfiguration section */
		43CECCEB22B1CA970089700D /* Debug */ = {
			isa = XCBuildConfiguration;
			buildSettings = {
				ALWAYS_SEARCH_USER_PATHS = NO;
				CLANG_ANALYZER_NONNULL = YES;
				CLANG_ANALYZER_NUMBER_OBJECT_CONVERSION = YES_AGGRESSIVE;
				CLANG_CXX_LANGUAGE_STANDARD = "gnu++14";
				CLANG_CXX_LIBRARY = "libc++";
				CLANG_ENABLE_MODULES = YES;
				CLANG_ENABLE_OBJC_ARC = YES;
				CLANG_ENABLE_OBJC_WEAK = YES;
				CLANG_WARN_BLOCK_CAPTURE_AUTORELEASING = YES;
				CLANG_WARN_BOOL_CONVERSION = YES;
				CLANG_WARN_COMMA = YES;
				CLANG_WARN_CONSTANT_CONVERSION = YES;
				CLANG_WARN_DEPRECATED_OBJC_IMPLEMENTATIONS = YES;
				CLANG_WARN_DIRECT_OBJC_ISA_USAGE = YES_ERROR;
				CLANG_WARN_DOCUMENTATION_COMMENTS = YES;
				CLANG_WARN_EMPTY_BODY = YES;
				CLANG_WARN_ENUM_CONVERSION = YES;
				CLANG_WARN_INFINITE_RECURSION = YES;
				CLANG_WARN_INT_CONVERSION = YES;
				CLANG_WARN_NON_LITERAL_NULL_CONVERSION = YES;
				CLANG_WARN_OBJC_IMPLICIT_RETAIN_SELF = YES;
				CLANG_WARN_OBJC_LITERAL_CONVERSION = YES;
				CLANG_WARN_OBJC_ROOT_CLASS = YES_ERROR;
				CLANG_WARN_RANGE_LOOP_ANALYSIS = YES;
				CLANG_WARN_STRICT_PROTOTYPES = YES;
				CLANG_WARN_SUSPICIOUS_MOVE = YES;
				CLANG_WARN_UNGUARDED_AVAILABILITY = YES_AGGRESSIVE;
				CLANG_WARN_UNREACHABLE_CODE = YES;
				CLANG_WARN__DUPLICATE_METHOD_MATCH = YES;
				CODE_SIGN_IDENTITY = "iPhone Developer";
				COPY_PHASE_STRIP = NO;
				DEBUG_INFORMATION_FORMAT = dwarf;
				ENABLE_STRICT_OBJC_MSGSEND = YES;
				ENABLE_TESTABILITY = YES;
				GCC_C_LANGUAGE_STANDARD = gnu11;
				GCC_DYNAMIC_NO_PIC = NO;
				GCC_NO_COMMON_BLOCKS = YES;
				GCC_OPTIMIZATION_LEVEL = 0;
				GCC_PREPROCESSOR_DEFINITIONS = (
					"DEBUG=1",
					"$(inherited)",
				);
				GCC_WARN_64_TO_32_BIT_CONVERSION = YES;
				GCC_WARN_ABOUT_RETURN_TYPE = YES_ERROR;
				GCC_WARN_UNDECLARED_SELECTOR = YES;
				GCC_WARN_UNINITIALIZED_AUTOS = YES_AGGRESSIVE;
				GCC_WARN_UNUSED_FUNCTION = YES;
				GCC_WARN_UNUSED_VARIABLE = YES;
				IPHONEOS_DEPLOYMENT_TARGET = 12.2;
				MTL_ENABLE_DEBUG_INFO = INCLUDE_SOURCE;
				MTL_FAST_MATH = YES;
				ONLY_ACTIVE_ARCH = YES;
				SDKROOT = iphoneos;
				SWIFT_ACTIVE_COMPILATION_CONDITIONS = DEBUG;
				SWIFT_OPTIMIZATION_LEVEL = "-Onone";
			};
			name = Debug;
		};
		43CECCEC22B1CA970089700D /* Release */ = {
			isa = XCBuildConfiguration;
			buildSettings = {
				ALWAYS_SEARCH_USER_PATHS = NO;
				CLANG_ANALYZER_NONNULL = YES;
				CLANG_ANALYZER_NUMBER_OBJECT_CONVERSION = YES_AGGRESSIVE;
				CLANG_CXX_LANGUAGE_STANDARD = "gnu++14";
				CLANG_CXX_LIBRARY = "libc++";
				CLANG_ENABLE_MODULES = YES;
				CLANG_ENABLE_OBJC_ARC = YES;
				CLANG_ENABLE_OBJC_WEAK = YES;
				CLANG_WARN_BLOCK_CAPTURE_AUTORELEASING = YES;
				CLANG_WARN_BOOL_CONVERSION = YES;
				CLANG_WARN_COMMA = YES;
				CLANG_WARN_CONSTANT_CONVERSION = YES;
				CLANG_WARN_DEPRECATED_OBJC_IMPLEMENTATIONS = YES;
				CLANG_WARN_DIRECT_OBJC_ISA_USAGE = YES_ERROR;
				CLANG_WARN_DOCUMENTATION_COMMENTS = YES;
				CLANG_WARN_EMPTY_BODY = YES;
				CLANG_WARN_ENUM_CONVERSION = YES;
				CLANG_WARN_INFINITE_RECURSION = YES;
				CLANG_WARN_INT_CONVERSION = YES;
				CLANG_WARN_NON_LITERAL_NULL_CONVERSION = YES;
				CLANG_WARN_OBJC_IMPLICIT_RETAIN_SELF = YES;
				CLANG_WARN_OBJC_LITERAL_CONVERSION = YES;
				CLANG_WARN_OBJC_ROOT_CLASS = YES_ERROR;
				CLANG_WARN_RANGE_LOOP_ANALYSIS = YES;
				CLANG_WARN_STRICT_PROTOTYPES = YES;
				CLANG_WARN_SUSPICIOUS_MOVE = YES;
				CLANG_WARN_UNGUARDED_AVAILABILITY = YES_AGGRESSIVE;
				CLANG_WARN_UNREACHABLE_CODE = YES;
				CLANG_WARN__DUPLICATE_METHOD_MATCH = YES;
				CODE_SIGN_IDENTITY = "iPhone Developer";
				COPY_PHASE_STRIP = NO;
				DEBUG_INFORMATION_FORMAT = "dwarf-with-dsym";
				ENABLE_NS_ASSERTIONS = NO;
				ENABLE_STRICT_OBJC_MSGSEND = YES;
				GCC_C_LANGUAGE_STANDARD = gnu11;
				GCC_NO_COMMON_BLOCKS = YES;
				GCC_WARN_64_TO_32_BIT_CONVERSION = YES;
				GCC_WARN_ABOUT_RETURN_TYPE = YES_ERROR;
				GCC_WARN_UNDECLARED_SELECTOR = YES;
				GCC_WARN_UNINITIALIZED_AUTOS = YES_AGGRESSIVE;
				GCC_WARN_UNUSED_FUNCTION = YES;
				GCC_WARN_UNUSED_VARIABLE = YES;
				IPHONEOS_DEPLOYMENT_TARGET = 12.2;
				MTL_ENABLE_DEBUG_INFO = NO;
				MTL_FAST_MATH = YES;
				SDKROOT = iphoneos;
				SWIFT_COMPILATION_MODE = wholemodule;
				SWIFT_OPTIMIZATION_LEVEL = "-O";
				VALIDATE_PRODUCT = YES;
			};
			name = Release;
		};
		43CECCEE22B1CA970089700D /* Debug */ = {
			isa = XCBuildConfiguration;
			baseConfigurationReference = B82922BF7BBA051B030FDB9F /* Pods-WeightedGraph.debug.xcconfig */;
			buildSettings = {
				ASSETCATALOG_COMPILER_APPICON_NAME = AppIcon;
				CODE_SIGN_STYLE = Automatic;
				INFOPLIST_FILE = WeightedGraph/Info.plist;
				LD_RUNPATH_SEARCH_PATHS = (
					"$(inherited)",
					"@executable_path/Frameworks",
				);
				OTHER_LDFLAGS = (
					"$(inherited)",
					"-framework",
					"\"FBSDKCoreKit\"",
					"-framework",
					"\"FBSDKLoginKit\"",
					"-framework",
					"\"SwiftGraph\"",
					"-weak_framework",
					"\"Accounts\"",
					"-weak_framework",
					"\"AudioToolbox\"",
					"-weak_framework",
					"\"CoreGraphics\"",
					"-weak_framework",
					"\"CoreLocation\"",
					"-weak_framework",
					"\"Foundation\"",
					"-weak_framework",
					"\"QuartzCore\"",
					"-weak_framework",
					"\"Security\"",
					"-weak_framework",
					"\"Social\"",
					"-weak_framework",
					"\"UIKit\"",
					"-ObjC",
				);
				PRODUCT_BUNDLE_IDENTIFIER = com.ajitakole.WeightedGraph;
				PRODUCT_NAME = "$(TARGET_NAME)";
				SWIFT_VERSION = 5.0;
				TARGETED_DEVICE_FAMILY = "1,2";
			};
			name = Debug;
		};
		43CECCEF22B1CA970089700D /* Release */ = {
			isa = XCBuildConfiguration;
			baseConfigurationReference = A147FA0638D54EB3AFC3DB85 /* Pods-WeightedGraph.release.xcconfig */;
			buildSettings = {
				ASSETCATALOG_COMPILER_APPICON_NAME = AppIcon;
				CODE_SIGN_STYLE = Automatic;
				INFOPLIST_FILE = WeightedGraph/Info.plist;
				LD_RUNPATH_SEARCH_PATHS = (
					"$(inherited)",
					"@executable_path/Frameworks",
				);
				PRODUCT_BUNDLE_IDENTIFIER = com.ajitakole.WeightedGraph;
				PRODUCT_NAME = "$(TARGET_NAME)";
				SWIFT_VERSION = 5.0;
				TARGETED_DEVICE_FAMILY = "1,2";
			};
			name = Release;
		};
		43CECCF122B1CA970089700D /* Debug */ = {
			isa = XCBuildConfiguration;
			baseConfigurationReference = 967F7623B0EE7C1ED9C2FF2A /* Pods-WeightedGraphTests.debug.xcconfig */;
			buildSettings = {
				ALWAYS_EMBED_SWIFT_STANDARD_LIBRARIES = YES;
				BUNDLE_LOADER = "$(TEST_HOST)";
				CODE_SIGN_STYLE = Automatic;
				INFOPLIST_FILE = WeightedGraphTests/Info.plist;
				LD_RUNPATH_SEARCH_PATHS = (
					"$(inherited)",
					"@executable_path/Frameworks",
					"@loader_path/Frameworks",
				);
				PRODUCT_BUNDLE_IDENTIFIER = com.ajitakole.WeightedGraphTests;
				PRODUCT_NAME = "$(TARGET_NAME)";
				SWIFT_VERSION = 5.0;
				TARGETED_DEVICE_FAMILY = "1,2";
				TEST_HOST = "$(BUILT_PRODUCTS_DIR)/WeightedGraph.app/WeightedGraph";
			};
			name = Debug;
		};
		43CECCF222B1CA970089700D /* Release */ = {
			isa = XCBuildConfiguration;
			baseConfigurationReference = 991BB69DE79B4E034656EC0C /* Pods-WeightedGraphTests.release.xcconfig */;
			buildSettings = {
				ALWAYS_EMBED_SWIFT_STANDARD_LIBRARIES = YES;
				BUNDLE_LOADER = "$(TEST_HOST)";
				CODE_SIGN_STYLE = Automatic;
				INFOPLIST_FILE = WeightedGraphTests/Info.plist;
				LD_RUNPATH_SEARCH_PATHS = (
					"$(inherited)",
					"@executable_path/Frameworks",
					"@loader_path/Frameworks",
				);
				PRODUCT_BUNDLE_IDENTIFIER = com.ajitakole.WeightedGraphTests;
				PRODUCT_NAME = "$(TARGET_NAME)";
				SWIFT_VERSION = 5.0;
				TARGETED_DEVICE_FAMILY = "1,2";
				TEST_HOST = "$(BUILT_PRODUCTS_DIR)/WeightedGraph.app/WeightedGraph";
			};
			name = Release;
		};
		43CECCF422B1CA970089700D /* Debug */ = {
			isa = XCBuildConfiguration;
			baseConfigurationReference = 80C20E79C1177D9A6CC524FB /* Pods-WeightedGraphUITests.debug.xcconfig */;
			buildSettings = {
				ALWAYS_EMBED_SWIFT_STANDARD_LIBRARIES = YES;
				CODE_SIGN_STYLE = Automatic;
				INFOPLIST_FILE = WeightedGraphUITests/Info.plist;
				LD_RUNPATH_SEARCH_PATHS = (
					"$(inherited)",
					"@executable_path/Frameworks",
					"@loader_path/Frameworks",
				);
				PRODUCT_BUNDLE_IDENTIFIER = com.ajitakole.WeightedGraphUITests;
				PRODUCT_NAME = "$(TARGET_NAME)";
				SWIFT_VERSION = 5.0;
				TARGETED_DEVICE_FAMILY = "1,2";
				TEST_TARGET_NAME = WeightedGraph;
			};
			name = Debug;
		};
		43CECCF522B1CA970089700D /* Release */ = {
			isa = XCBuildConfiguration;
			baseConfigurationReference = 9686FF7A5759D4D59EEAC42A /* Pods-WeightedGraphUITests.release.xcconfig */;
			buildSettings = {
				ALWAYS_EMBED_SWIFT_STANDARD_LIBRARIES = YES;
				CODE_SIGN_STYLE = Automatic;
				INFOPLIST_FILE = WeightedGraphUITests/Info.plist;
				LD_RUNPATH_SEARCH_PATHS = (
					"$(inherited)",
					"@executable_path/Frameworks",
					"@loader_path/Frameworks",
				);
				PRODUCT_BUNDLE_IDENTIFIER = com.ajitakole.WeightedGraphUITests;
				PRODUCT_NAME = "$(TARGET_NAME)";
				SWIFT_VERSION = 5.0;
				TARGETED_DEVICE_FAMILY = "1,2";
				TEST_TARGET_NAME = WeightedGraph;
			};
			name = Release;
		};
/* End XCBuildConfiguration section */

/* Begin XCConfigurationList section */
		43CECCC022B1CA960089700D /* Build configuration list for PBXProject "WeightedGraph" */ = {
			isa = XCConfigurationList;
			buildConfigurations = (
				43CECCEB22B1CA970089700D /* Debug */,
				43CECCEC22B1CA970089700D /* Release */,
			);
			defaultConfigurationIsVisible = 0;
			defaultConfigurationName = Release;
		};
		43CECCED22B1CA970089700D /* Build configuration list for PBXNativeTarget "WeightedGraph" */ = {
			isa = XCConfigurationList;
			buildConfigurations = (
				43CECCEE22B1CA970089700D /* Debug */,
				43CECCEF22B1CA970089700D /* Release */,
			);
			defaultConfigurationIsVisible = 0;
			defaultConfigurationName = Release;
		};
		43CECCF022B1CA970089700D /* Build configuration list for PBXNativeTarget "WeightedGraphTests" */ = {
			isa = XCConfigurationList;
			buildConfigurations = (
				43CECCF122B1CA970089700D /* Debug */,
				43CECCF222B1CA970089700D /* Release */,
			);
			defaultConfigurationIsVisible = 0;
			defaultConfigurationName = Release;
		};
		43CECCF322B1CA970089700D /* Build configuration list for PBXNativeTarget "WeightedGraphUITests" */ = {
			isa = XCConfigurationList;
			buildConfigurations = (
				43CECCF422B1CA970089700D /* Debug */,
				43CECCF522B1CA970089700D /* Release */,
			);
			defaultConfigurationIsVisible = 0;
			defaultConfigurationName = Release;
		};
/* End XCConfigurationList section */
	};
	rootObject = 43CECCBD22B1CA960089700D /* Project object */;
}
